
Microsoft Visual Studio Solution File, Format Version 12.00
# Visual Studio Version 17
VisualStudioVersion = 17.3.32519.111
MinimumVisualStudioVersion = 10.0.40219.1
Project("{9A19103F-16F7-4668-BE54-9A1E7A4F7556}") = "ExampleBlazorApp.Server", "ExampleBlazorApp\Server\ExampleBlazorApp.Server.csproj", "{20472D65-F81D-4B5C-9841-307C4500072E}"
EndProject
Project("{9A19103F-16F7-4668-BE54-9A1E7A4F7556}") = "ExampleBlazorApp.Client", "ExampleBlazorApp\Client\ExampleBlazorApp.Client.csproj", "{4D38EB02-029C-416F-9FA4-1C621BDED988}"
EndProject
Project("{9A19103F-16F7-4668-BE54-9A1E7A4F7556}") = "ExampleBlazorApp.Shared", "ExampleBlazorApp\Shared\ExampleBlazorApp.Shared.csproj", "{9717E8CC-790F-462D-973B-E77776F44A7E}"
EndProject
Global
	GlobalSection(SolutionConfigurationPlatforms) = preSolution
		Debug|Any CPU = Debug|Any CPU
		Release|Any CPU = Release|Any CPU
	EndGlobalSection
	GlobalSection(ProjectConfigurationPlatforms) = postSolution
		{20472D65-F81D-4B5C-9841-307C4500072E}.Debug|Any CPU.ActiveCfg = Debug|Any CPU
		{20472D65-F81D-4B5C-9841-307C4500072E}.Debug|Any CPU.Build.0 = Debug|Any CPU
		{20472D65-F81D-4B5C-9841-307C4500072E}.Release|Any CPU.ActiveCfg = Release|Any CPU
		{20472D65-F81D-4B5C-9841-307C4500072E}.Release|Any CPU.Build.0 = Release|Any CPU
		{4D38EB02-029C-416F-9FA4-1C621BDED988}.Debug|Any CPU.ActiveCfg = Debug|Any CPU
		{4D38EB02-029C-416F-9FA4-1C621BDED988}.Debug|Any CPU.Build.0 = Debug|Any CPU
		{4D38EB02-029C-416F-9FA4-1C621BDED988}.Release|Any CPU.ActiveCfg = Release|Any CPU
		{4D38EB02-029C-416F-9FA4-1C621BDED988}.Release|Any CPU.Build.0 = Release|Any CPU
		{9717E8CC-790F-462D-973B-E77776F44A7E}.Debug|Any CPU.ActiveCfg = Debug|Any CPU
		{9717E8CC-790F-462D-973B-E77776F44A7E}.Debug|Any CPU.Build.0 = Debug|Any CPU
		{9717E8CC-790F-462D-973B-E77776F44A7E}.Release|Any CPU.ActiveCfg = Release|Any CPU
		{9717E8CC-790F-462D-973B-E77776F44A7E}.Release|Any CPU.Build.0 = Release|Any CPU
	EndGlobalSection
	GlobalSection(SolutionProperties) = preSolution
		HideSolutionNode = FALSE
	EndGlobalSection
	GlobalSection(ExtensibilityGlobals) = postSolution
		SolutionGuid = {A471B8F1-F265-441C-8123-EC584E3B3B8C}
	EndGlobalSection
EndGlobal
